
Microsoft Visual Studio Solution File, Format Version 12.00
# Visual Studio 15
Project("{FAE04EC0-301F-11D3-BF4B-00C04F79EFBC}") = "todos", "todos\todos.csproj", "{4D11ADE2-AA60-46EC-95D0-4CDF49ABD62E}"
EndProject
Global
	GlobalSection(SolutionConfigurationPlatforms) = preSolution
		Debug|Any CPU = Debug|Any CPU
		Release|Any CPU = Release|Any CPU
	EndGlobalSection
	GlobalSection(ProjectConfigurationPlatforms) = postSolution
		{4D11ADE2-AA60-46EC-95D0-4CDF49ABD62E}.Debug|Any CPU.ActiveCfg = Debug|Any CPU
		{4D11ADE2-AA60-46EC-95D0-4CDF49ABD62E}.Debug|Any CPU.Build.0 = Debug|Any CPU
		{4D11ADE2-AA60-46EC-95D0-4CDF49ABD62E}.Release|Any CPU.ActiveCfg = Release|Any CPU
		{4D11ADE2-AA60-46EC-95D0-4CDF49ABD62E}.Release|Any CPU.Build.0 = Release|Any CPU
	EndGlobalSection
EndGlobal
